// !$*UTF8*$!
{
	archiveVersion = 1;
	classes = {
	};
	objectVersion = 46;
	objects = {

/* Begin PBXBuildFile section */
		234E580EEAECDF364F8218EE /* Pods_pokedex_by_TC.framework in Frameworks */ = {isa = PBXBuildFile; fileRef = 3BE0ACF2B5DAA1466D5D5115 /* Pods_pokedex_by_TC.framework */; };
		AA8D71C11C999662004648DC /* AppDelegate.swift in Sources */ = {isa = PBXBuildFile; fileRef = AA8D71C01C999662004648DC /* AppDelegate.swift */; };
		AA8D71C31C999662004648DC /* ViewController.swift in Sources */ = {isa = PBXBuildFile; fileRef = AA8D71C21C999662004648DC /* ViewController.swift */; };
		AA8D71C61C999662004648DC /* Main.storyboard in Resources */ = {isa = PBXBuildFile; fileRef = AA8D71C41C999662004648DC /* Main.storyboard */; };
		AA8D71C81C999662004648DC /* Assets.xcassets in Resources */ = {isa = PBXBuildFile; fileRef = AA8D71C71C999662004648DC /* Assets.xcassets */; };
		AA8D71CB1C999662004648DC /* LaunchScreen.storyboard in Resources */ = {isa = PBXBuildFile; fileRef = AA8D71C91C999662004648DC /* LaunchScreen.storyboard */; };
		AAB12D781C999C0E00A89BFB /* pokemon.csv in Resources */ = {isa = PBXBuildFile; fileRef = AAB12D771C999C0E00A89BFB /* pokemon.csv */; };
		AAB12D7B1C99A41F00A89BFB /* Pokemon.swift in Sources */ = {isa = PBXBuildFile; fileRef = AAB12D7A1C99A41F00A89BFB /* Pokemon.swift */; };
		AAB12D7E1C99AD8A00A89BFB /* PokeCell.swift in Sources */ = {isa = PBXBuildFile; fileRef = AAB12D7D1C99AD8A00A89BFB /* PokeCell.swift */; };
		AAB12D811C99BB7000A89BFB /* csv.swift in Sources */ = {isa = PBXBuildFile; fileRef = AAB12D801C99BB7000A89BFB /* csv.swift */; };
		AAB12D861C99C52700A89BFB /* music.mp3 in Resources */ = {isa = PBXBuildFile; fileRef = AAB12D851C99C52700A89BFB /* music.mp3 */; };
		AAB12D881C99D34000A89BFB /* PokemonDetailVC.swift in Sources */ = {isa = PBXBuildFile; fileRef = AAB12D871C99D34000A89BFB /* PokemonDetailVC.swift */; };
		AAB7EC1F1C9A6350006EF31D /* Constants.swift in Sources */ = {isa = PBXBuildFile; fileRef = AAB7EC1E1C9A6350006EF31D /* Constants.swift */; };
/* End PBXBuildFile section */

/* Begin PBXFileReference section */
		144AB240E05458053DA9D1ED /* Pods-pokedex-by-TC.release.xcconfig */ = {isa = PBXFileReference; includeInIndex = 1; lastKnownFileType = text.xcconfig; name = "Pods-pokedex-by-TC.release.xcconfig"; path = "Pods/Target Support Files/Pods-pokedex-by-TC/Pods-pokedex-by-TC.release.xcconfig"; sourceTree = "<group>"; };
		2E3EB37B76AF75140ADDCF1A /* Pods-pokedex-by-TC.debug.xcconfig */ = {isa = PBXFileReference; includeInIndex = 1; lastKnownFileType = text.xcconfig; name = "Pods-pokedex-by-TC.debug.xcconfig"; path = "Pods/Target Support Files/Pods-pokedex-by-TC/Pods-pokedex-by-TC.debug.xcconfig"; sourceTree = "<group>"; };
		3BE0ACF2B5DAA1466D5D5115 /* Pods_pokedex_by_TC.framework */ = {isa = PBXFileReference; explicitFileType = wrapper.framework; includeInIndex = 0; path = Pods_pokedex_by_TC.framework; sourceTree = BUILT_PRODUCTS_DIR; };
		AA8D71BD1C999662004648DC /* pokedex-by-TC.app */ = {isa = PBXFileReference; explicitFileType = wrapper.application; includeInIndex = 0; path = "pokedex-by-TC.app"; sourceTree = BUILT_PRODUCTS_DIR; };
		AA8D71C01C999662004648DC /* AppDelegate.swift */ = {isa = PBXFileReference; lastKnownFileType = sourcecode.swift; path = AppDelegate.swift; sourceTree = "<group>"; };
		AA8D71C21C999662004648DC /* ViewController.swift */ = {isa = PBXFileReference; lastKnownFileType = sourcecode.swift; path = ViewController.swift; sourceTree = "<group>"; };
		AA8D71C51C999662004648DC /* Base */ = {isa = PBXFileReference; lastKnownFileType = file.storyboard; name = Base; path = Base.lproj/Main.storyboard; sourceTree = "<group>"; };
		AA8D71C71C999662004648DC /* Assets.xcassets */ = {isa = PBXFileReference; lastKnownFileType = folder.assetcatalog; path = Assets.xcassets; sourceTree = "<group>"; };
		AA8D71CA1C999662004648DC /* Base */ = {isa = PBXFileReference; lastKnownFileType = file.storyboard; name = Base; path = Base.lproj/LaunchScreen.storyboard; sourceTree = "<group>"; };
		AA8D71CC1C999662004648DC /* Info.plist */ = {isa = PBXFileReference; lastKnownFileType = text.plist.xml; path = Info.plist; sourceTree = "<group>"; };
		AAB12D771C999C0E00A89BFB /* pokemon.csv */ = {isa = PBXFileReference; fileEncoding = 4; lastKnownFileType = text; path = pokemon.csv; sourceTree = "<group>"; };
		AAB12D7A1C99A41F00A89BFB /* Pokemon.swift */ = {isa = PBXFileReference; fileEncoding = 4; lastKnownFileType = sourcecode.swift; path = Pokemon.swift; sourceTree = "<group>"; };
		AAB12D7D1C99AD8A00A89BFB /* PokeCell.swift */ = {isa = PBXFileReference; fileEncoding = 4; lastKnownFileType = sourcecode.swift; path = PokeCell.swift; sourceTree = "<group>"; };
		AAB12D801C99BB7000A89BFB /* csv.swift */ = {isa = PBXFileReference; fileEncoding = 4; lastKnownFileType = sourcecode.swift; path = csv.swift; sourceTree = "<group>"; };
		AAB12D841C99C2DB00A89BFB /* pokemon.ttf */ = {isa = PBXFileReference; lastKnownFileType = file; path = pokemon.ttf; sourceTree = "<group>"; };
		AAB12D851C99C52700A89BFB /* music.mp3 */ = {isa = PBXFileReference; lastKnownFileType = audio.mp3; path = music.mp3; sourceTree = "<group>"; };
		AAB12D871C99D34000A89BFB /* PokemonDetailVC.swift */ = {isa = PBXFileReference; fileEncoding = 4; lastKnownFileType = sourcecode.swift; path = PokemonDetailVC.swift; sourceTree = "<group>"; };
		AAB7EC1E1C9A6350006EF31D /* Constants.swift */ = {isa = PBXFileReference; fileEncoding = 4; lastKnownFileType = sourcecode.swift; path = Constants.swift; sourceTree = "<group>"; };
/* End PBXFileReference section */

/* Begin PBXFrameworksBuildPhase section */
		AA8D71BA1C999662004648DC /* Frameworks */ = {
			isa = PBXFrameworksBuildPhase;
			buildActionMask = 2147483647;
			files = (
				234E580EEAECDF364F8218EE /* Pods_pokedex_by_TC.framework in Frameworks */,
			);
			runOnlyForDeploymentPostprocessing = 0;
		};
/* End PBXFrameworksBuildPhase section */

/* Begin PBXGroup section */
		838337ED00B20B6663BFE989 /* Pods */ = {
			isa = PBXGroup;
			children = (
				2E3EB37B76AF75140ADDCF1A /* Pods-pokedex-by-TC.debug.xcconfig */,
				144AB240E05458053DA9D1ED /* Pods-pokedex-by-TC.release.xcconfig */,
			);
			name = Pods;
			sourceTree = "<group>";
		};
		AA8D71B41C999662004648DC = {
			isa = PBXGroup;
			children = (
				AA8D71BF1C999662004648DC /* pokedex-by-TC */,
				AA8D71BE1C999662004648DC /* Products */,
				838337ED00B20B6663BFE989 /* Pods */,
				CF7C6B22F1EEE6EB77C53DAD /* Frameworks */,
			);
			sourceTree = "<group>";
		};
		AA8D71BE1C999662004648DC /* Products */ = {
			isa = PBXGroup;
			children = (
				AA8D71BD1C999662004648DC /* pokedex-by-TC.app */,
			);
			name = Products;
			sourceTree = "<group>";
		};
		AA8D71BF1C999662004648DC /* pokedex-by-TC */ = {
			isa = PBXGroup;
			children = (
				AAB12D831C99BB9300A89BFB /* Resources */,
				AAB12D821C99BB8600A89BFB /* Controller */,
				AAB12D7C1C99AD4700A89BFB /* View */,
				AAB12D791C99A41000A89BFB /* Model */,
				AAB12D7F1C99BB5700A89BFB /* Util */,
				AA8D71C01C999662004648DC /* AppDelegate.swift */,
				AA8D71C41C999662004648DC /* Main.storyboard */,
				AA8D71C71C999662004648DC /* Assets.xcassets */,
				AA8D71C91C999662004648DC /* LaunchScreen.storyboard */,
				AA8D71CC1C999662004648DC /* Info.plist */,
			);
			path = "pokedex-by-TC";
			sourceTree = "<group>";
		};
		AAB12D791C99A41000A89BFB /* Model */ = {
			isa = PBXGroup;
			children = (
				AAB12D7A1C99A41F00A89BFB /* Pokemon.swift */,
			);
			name = Model;
			sourceTree = "<group>";
		};
		AAB12D7C1C99AD4700A89BFB /* View */ = {
			isa = PBXGroup;
			children = (
				AAB12D7D1C99AD8A00A89BFB /* PokeCell.swift */,
			);
			name = View;
			sourceTree = "<group>";
		};
		AAB12D7F1C99BB5700A89BFB /* Util */ = {
			isa = PBXGroup;
			children = (
				AAB12D801C99BB7000A89BFB /* csv.swift */,
				AAB7EC1E1C9A6350006EF31D /* Constants.swift */,
			);
			name = Util;
			sourceTree = "<group>";
		};
		AAB12D821C99BB8600A89BFB /* Controller */ = {
			isa = PBXGroup;
			children = (
				AA8D71C21C999662004648DC /* ViewController.swift */,
				AAB12D871C99D34000A89BFB /* PokemonDetailVC.swift */,
			);
			name = Controller;
			sourceTree = "<group>";
		};
		AAB12D831C99BB9300A89BFB /* Resources */ = {
			isa = PBXGroup;
			children = (
				AAB12D771C999C0E00A89BFB /* pokemon.csv */,
				AAB12D841C99C2DB00A89BFB /* pokemon.ttf */,
				AAB12D851C99C52700A89BFB /* music.mp3 */,
			);
			name = Resources;
			sourceTree = "<group>";
		};
		CF7C6B22F1EEE6EB77C53DAD /* Frameworks */ = {
			isa = PBXGroup;
			children = (
				3BE0ACF2B5DAA1466D5D5115 /* Pods_pokedex_by_TC.framework */,
			);
			name = Frameworks;
			sourceTree = "<group>";
		};
/* End PBXGroup section */

/* Begin PBXNativeTarget section */
		AA8D71BC1C999662004648DC /* pokedex-by-TC */ = {
			isa = PBXNativeTarget;
			buildConfigurationList = AA8D71CF1C999662004648DC /* Build configuration list for PBXNativeTarget "pokedex-by-TC" */;
			buildPhases = (
				18E18BC554ED5CEAE9047363 /* Check Pods Manifest.lock */,
				AA8D71B91C999662004648DC /* Sources */,
				AA8D71BA1C999662004648DC /* Frameworks */,
				AA8D71BB1C999662004648DC /* Resources */,
				69359792338D62A3AF8F6E70 /* Embed Pods Frameworks */,
				0E641484CF4A72D5F91E6DD4 /* Copy Pods Resources */,
			);
			buildRules = (
			);
			dependencies = (
			);
			name = "pokedex-by-TC";
			productName = "pokedex-by-TC";
			productReference = AA8D71BD1C999662004648DC /* pokedex-by-TC.app */;
			productType = "com.apple.product-type.application";
		};
/* End PBXNativeTarget section */

/* Begin PBXProject section */
		AA8D71B51C999662004648DC /* Project object */ = {
			isa = PBXProject;
			attributes = {
				LastSwiftUpdateCheck = 0720;
				LastUpgradeCheck = 0720;
				ORGANIZATIONNAME = "Lê Thanh Tùng";
				TargetAttributes = {
					AA8D71BC1C999662004648DC = {
						CreatedOnToolsVersion = 7.2.1;
						DevelopmentTeam = SPCKLRWTT8;
					};
				};
			};
			buildConfigurationList = AA8D71B81C999662004648DC /* Build configuration list for PBXProject "pokedex-by-TC" */;
			compatibilityVersion = "Xcode 3.2";
			developmentRegion = English;
			hasScannedForEncodings = 0;
			knownRegions = (
				en,
				Base,
			);
			mainGroup = AA8D71B41C999662004648DC;
			productRefGroup = AA8D71BE1C999662004648DC /* Products */;
			projectDirPath = "";
			projectRoot = "";
			targets = (
				AA8D71BC1C999662004648DC /* pokedex-by-TC */,
			);
		};
/* End PBXProject section */

/* Begin PBXResourcesBuildPhase section */
		AA8D71BB1C999662004648DC /* Resources */ = {
			isa = PBXResourcesBuildPhase;
			buildActionMask = 2147483647;
			files = (
				AAB12D861C99C52700A89BFB /* music.mp3 in Resources */,
				AA8D71CB1C999662004648DC /* LaunchScreen.storyboard in Resources */,
				AA8D71C81C999662004648DC /* Assets.xcassets in Resources */,
				AAB12D781C999C0E00A89BFB /* pokemon.csv in Resources */,
				AA8D71C61C999662004648DC /* Main.storyboard in Resources */,
			);
			runOnlyForDeploymentPostprocessing = 0;
		};
/* End PBXResourcesBuildPhase section */

/* Begin PBXShellScriptBuildPhase section */
		0E641484CF4A72D5F91E6DD4 /* Copy Pods Resources */ = {
			isa = PBXShellScriptBuildPhase;
			buildActionMask = 2147483647;
			files = (
			);
			inputPaths = (
			);
			name = "Copy Pods Resources";
			outputPaths = (
			);
			runOnlyForDeploymentPostprocessing = 0;
			shellPath = /bin/sh;
			shellScript = "\"${SRCROOT}/Pods/Target Support Files/Pods-pokedex-by-TC/Pods-pokedex-by-TC-resources.sh\"\n";
			showEnvVarsInLog = 0;
		};
		18E18BC554ED5CEAE9047363 /* Check Pods Manifest.lock */ = {
			isa = PBXShellScriptBuildPhase;
			buildActionMask = 2147483647;
			files = (
			);
			inputPaths = (
			);
			name = "Check Pods Manifest.lock";
			outputPaths = (
			);
			runOnlyForDeploymentPostprocessing = 0;
			shellPath = /bin/sh;
			shellScript = "diff \"${PODS_ROOT}/../Podfile.lock\" \"${PODS_ROOT}/Manifest.lock\" > /dev/null\nif [[ $? != 0 ]] ; then\n    cat << EOM\nerror: The sandbox is not in sync with the Podfile.lock. Run 'pod install' or update your CocoaPods installation.\nEOM\n    exit 1\nfi\n";
			showEnvVarsInLog = 0;
		};
		69359792338D62A3AF8F6E70 /* Embed Pods Frameworks */ = {
			isa = PBXShellScriptBuildPhase;
			buildActionMask = 2147483647;
			files = (
			);
			inputPaths = (
			);
			name = "Embed Pods Frameworks";
			outputPaths = (
			);
			runOnlyForDeploymentPostprocessing = 0;
			shellPath = /bin/sh;
			shellScript = "\"${SRCROOT}/Pods/Target Support Files/Pods-pokedex-by-TC/Pods-pokedex-by-TC-frameworks.sh\"\n";
			showEnvVarsInLog = 0;
		};
/* End PBXShellScriptBuildPhase section */

/* Begin PBXSourcesBuildPhase section */
		AA8D71B91C999662004648DC /* Sources */ = {
			isa = PBXSourcesBuildPhase;
			buildActionMask = 2147483647;
			files = (
				AAB12D7E1C99AD8A00A89BFB /* PokeCell.swift in Sources */,
				AA8D71C31C999662004648DC /* ViewController.swift in Sources */,
				AA8D71C11C999662004648DC /* AppDelegate.swift in Sources */,
				AAB12D881C99D34000A89BFB /* PokemonDetailVC.swift in Sources */,
				AAB7EC1F1C9A6350006EF31D /* Constants.swift in Sources */,
				AAB12D7B1C99A41F00A89BFB /* Pokemon.swift in Sources */,
				AAB12D811C99BB7000A89BFB /* csv.swift in Sources */,
			);
			runOnlyForDeploymentPostprocessing = 0;
		};
/* End PBXSourcesBuildPhase section */

/* Begin PBXVariantGroup section */
		AA8D71C41C999662004648DC /* Main.storyboard */ = {
			isa = PBXVariantGroup;
			children = (
				AA8D71C51C999662004648DC /* Base */,
			);
			name = Main.storyboard;
			sourceTree = "<group>";
		};
		AA8D71C91C999662004648DC /* LaunchScreen.storyboard */ = {
			isa = PBXVariantGroup;
			children = (
				AA8D71CA1C999662004648DC /* Base */,
			);
			name = LaunchScreen.storyboard;
			sourceTree = "<group>";
		};
/* End PBXVariantGroup section */

/* Begin XCBuildConfiguration section */
		AA8D71CD1C999662004648DC /* Debug */ = {
			isa = XCBuildConfiguration;
			buildSettings = {
				ALWAYS_SEARCH_USER_PATHS = NO;
				CLANG_CXX_LANGUAGE_STANDARD = "gnu++0x";
				CLANG_CXX_LIBRARY = "libc++";
				CLANG_ENABLE_MODULES = YES;
				CLANG_ENABLE_OBJC_ARC = YES;
				CLANG_WARN_BOOL_CONVERSION = YES;
				CLANG_WARN_CONSTANT_CONVERSION = YES;
				CLANG_WARN_DIRECT_OBJC_ISA_USAGE = YES_ERROR;
				CLANG_WARN_EMPTY_BODY = YES;
				CLANG_WARN_ENUM_CONVERSION = YES;
				CLANG_WARN_INT_CONVERSION = YES;
				CLANG_WARN_OBJC_ROOT_CLASS = YES_ERROR;
				CLANG_WARN_UNREACHABLE_CODE = YES;
				CLANG_WARN__DUPLICATE_METHOD_MATCH = YES;
				"CODE_SIGN_IDENTITY[sdk=iphoneos*]" = "iPhone Developer";
				COPY_PHASE_STRIP = NO;
				DEBUG_INFORMATION_FORMAT = dwarf;
				ENABLE_STRICT_OBJC_MSGSEND = YES;
				ENABLE_TESTABILITY = YES;
				GCC_C_LANGUAGE_STANDARD = gnu99;
				GCC_DYNAMIC_NO_PIC = NO;
				GCC_NO_COMMON_BLOCKS = YES;
				GCC_OPTIMIZATION_LEVEL = 0;
				GCC_PREPROCESSOR_DEFINITIONS = (
					"DEBUG=1",
					"$(inherited)",
				);
				GCC_WARN_64_TO_32_BIT_CONVERSION = YES;
				GCC_WARN_ABOUT_RETURN_TYPE = YES_ERROR;
				GCC_WARN_UNDECLARED_SELECTOR = YES;
				GCC_WARN_UNINITIALIZED_AUTOS = YES_AGGRESSIVE;
				GCC_WARN_UNUSED_FUNCTION = YES;
				GCC_WARN_UNUSED_VARIABLE = YES;
				IPHONEOS_DEPLOYMENT_TARGET = 9.2;
				MTL_ENABLE_DEBUG_INFO = YES;
				ONLY_ACTIVE_ARCH = YES;
				SDKROOT = iphoneos;
				SWIFT_OPTIMIZATION_LEVEL = "-Onone";
			};
			name = Debug;
		};
		AA8D71CE1C999662004648DC /* Release */ = {
			isa = XCBuildConfiguration;
			buildSettings = {
				ALWAYS_SEARCH_USER_PATHS = NO;
				CLANG_CXX_LANGUAGE_STANDARD = "gnu++0x";
				CLANG_CXX_LIBRARY = "libc++";
				CLANG_ENABLE_MODULES = YES;
				CLANG_ENABLE_OBJC_ARC = YES;
				CLANG_WARN_BOOL_CONVERSION = YES;
				CLANG_WARN_CONSTANT_CONVERSION = YES;
				CLANG_WARN_DIRECT_OBJC_ISA_USAGE = YES_ERROR;
				CLANG_WARN_EMPTY_BODY = YES;
				CLANG_WARN_ENUM_CONVERSION = YES;
				CLANG_WARN_INT_CONVERSION = YES;
				CLANG_WARN_OBJC_ROOT_CLASS = YES_ERROR;
				CLANG_WARN_UNREACHABLE_CODE = YES;
				CLANG_WARN__DUPLICATE_METHOD_MATCH = YES;
				"CODE_SIGN_IDENTITY[sdk=iphoneos*]" = "iPhone Developer";
				COPY_PHASE_STRIP = NO;
				DEBUG_INFORMATION_FORMAT = "dwarf-with-dsym";
				ENABLE_NS_ASSERTIONS = NO;
				ENABLE_STRICT_OBJC_MSGSEND = YES;
				GCC_C_LANGUAGE_STANDARD = gnu99;
				GCC_NO_COMMON_BLOCKS = YES;
				GCC_WARN_64_TO_32_BIT_CONVERSION = YES;
				GCC_WARN_ABOUT_RETURN_TYPE = YES_ERROR;
				GCC_WARN_UNDECLARED_SELECTOR = YES;
				GCC_WARN_UNINITIALIZED_AUTOS = YES_AGGRESSIVE;
				GCC_WARN_UNUSED_FUNCTION = YES;
				GCC_WARN_UNUSED_VARIABLE = YES;
				IPHONEOS_DEPLOYMENT_TARGET = 9.2;
				MTL_ENABLE_DEBUG_INFO = NO;
				SDKROOT = iphoneos;
				VALIDATE_PRODUCT = YES;
			};
			name = Release;
		};
		AA8D71D01C999662004648DC /* Debug */ = {
			isa = XCBuildConfiguration;
			baseConfigurationReference = 2E3EB37B76AF75140ADDCF1A /* Pods-pokedex-by-TC.debug.xcconfig */;
			buildSettings = {
				ASSETCATALOG_COMPILER_APPICON_NAME = AppIcon;
				INFOPLIST_FILE = "pokedex-by-TC/Info.plist";
				LD_RUNPATH_SEARCH_PATHS = "$(inherited) @executable_path/Frameworks";
				PRODUCT_BUNDLE_IDENTIFIER = "Ylinkee.pokedex-by-TC";
				PRODUCT_NAME = "$(TARGET_NAME)";
			};
			name = Debug;
		};
		AA8D71D11C999662004648DC /* Release */ = {
			isa = XCBuildConfiguration;
			baseConfigurationReference = 144AB240E05458053DA9D1ED /* Pods-pokedex-by-TC.release.xcconfig */;
			buildSettings = {
				ASSETCATALOG_COMPILER_APPICON_NAME = AppIcon;
				INFOPLIST_FILE = "pokedex-by-TC/Info.plist";
				LD_RUNPATH_SEARCH_PATHS = "$(inherited) @executable_path/Frameworks";
				PRODUCT_BUNDLE_IDENTIFIER = "Ylinkee.pokedex-by-TC";
				PRODUCT_NAME = "$(TARGET_NAME)";
			};
			name = Release;
		};
/* End XCBuildConfiguration section */

/* Begin XCConfigurationList section */
		AA8D71B81C999662004648DC /* Build configuration list for PBXProject "pokedex-by-TC" */ = {
			isa = XCConfigurationList;
			buildConfigurations = (
				AA8D71CD1C999662004648DC /* Debug */,
				AA8D71CE1C999662004648DC /* Release */,
			);
			defaultConfigurationIsVisible = 0;
			defaultConfigurationName = Release;
		};
		AA8D71CF1C999662004648DC /* Build configuration list for PBXNativeTarget "pokedex-by-TC" */ = {
			isa = XCConfigurationList;
			buildConfigurations = (
				AA8D71D01C999662004648DC /* Debug */,
				AA8D71D11C999662004648DC /* Release */,
			);
			defaultConfigurationIsVisible = 0;
			defaultConfigurationName = Release;
		};
/* End XCConfigurationList section */
	};
	rootObject = AA8D71B51C999662004648DC /* Project object */;
}
